
Microsoft Visual Studio Solution File, Format Version 12.00
# Visual Studio Version 16
VisualStudioVersion = 16.0.29306.81
MinimumVisualStudioVersion = 10.0.40219.1
Project("{FAE04EC0-301F-11D3-BF4B-00C04F79EFBC}") = "RPM_SAE_Project1", "RPM_SAE_Project1.csproj", "{F2BBC079-737A-4D37-A77F-C3AE51CC65F3}"
EndProject
Global
	GlobalSection(SolutionConfigurationPlatforms) = preSolution
		Debug|Any CPU = Debug|Any CPU
		Release|Any CPU = Release|Any CPU
	EndGlobalSection
	GlobalSection(ProjectConfigurationPlatforms) = postSolution
		{F2BBC079-737A-4D37-A77F-C3AE51CC65F3}.Debug|Any CPU.ActiveCfg = Debug|Any CPU
		{F2BBC079-737A-4D37-A77F-C3AE51CC65F3}.Debug|Any CPU.Build.0 = Debug|Any CPU
		{F2BBC079-737A-4D37-A77F-C3AE51CC65F3}.Release|Any CPU.ActiveCfg = Release|Any CPU
		{F2BBC079-737A-4D37-A77F-C3AE51CC65F3}.Release|Any CPU.Build.0 = Release|Any CPU
	EndGlobalSection
	GlobalSection(SolutionProperties) = preSolution
		HideSolutionNode = FALSE
	EndGlobalSection
	GlobalSection(ExtensibilityGlobals) = postSolution
		SolutionGuid = {BD53EDBA-6BA2-4D4A-9E04-D7685E1193C8}
	EndGlobalSection
EndGlobal
